
Microsoft Visual Studio Solution File, Format Version 12.00
# Visual Studio Version 17
VisualStudioVersion = 17.2.32630.192
MinimumVisualStudioVersion = 10.0.40219.1
Project("{FAE04EC0-301F-11D3-BF4B-00C04F79EFBC}") = "StokTakipCoreV3", "StokTakipCoreV3\StokTakipCoreV3.csproj", "{9A31A208-6A72-4F17-B298-DA6DA6E4F1CE}"
EndProject
Project("{FAE04EC0-301F-11D3-BF4B-00C04F79EFBC}") = "EntityLayer", "EntityLayer\EntityLayer.csproj", "{4D52B623-4FC5-4EE3-A1A7-E675CF10FBCA}"
EndProject
Project("{FAE04EC0-301F-11D3-BF4B-00C04F79EFBC}") = "BusinessLayer", "BusinessLayer\BusinessLayer.csproj", "{8A595F30-F1AC-4C0A-A705-326E5B3C8B8E}"
EndProject
Project("{FAE04EC0-301F-11D3-BF4B-00C04F79EFBC}") = "DataAccessLayer", "DataAccessLayer\DataAccessLayer.csproj", "{24A90AD7-E394-43FD-B5AD-5C7F40FA4F4A}"
EndProject
Global
	GlobalSection(SolutionConfigurationPlatforms) = preSolution
		Debug|Any CPU = Debug|Any CPU
		Release|Any CPU = Release|Any CPU
	EndGlobalSection
	GlobalSection(ProjectConfigurationPlatforms) = postSolution
		{9A31A208-6A72-4F17-B298-DA6DA6E4F1CE}.Debug|Any CPU.ActiveCfg = Debug|Any CPU
		{9A31A208-6A72-4F17-B298-DA6DA6E4F1CE}.Debug|Any CPU.Build.0 = Debug|Any CPU
		{9A31A208-6A72-4F17-B298-DA6DA6E4F1CE}.Release|Any CPU.ActiveCfg = Release|Any CPU
		{9A31A208-6A72-4F17-B298-DA6DA6E4F1CE}.Release|Any CPU.Build.0 = Release|Any CPU
		{4D52B623-4FC5-4EE3-A1A7-E675CF10FBCA}.Debug|Any CPU.ActiveCfg = Debug|Any CPU
		{4D52B623-4FC5-4EE3-A1A7-E675CF10FBCA}.Debug|Any CPU.Build.0 = Debug|Any CPU
		{4D52B623-4FC5-4EE3-A1A7-E675CF10FBCA}.Release|Any CPU.ActiveCfg = Release|Any CPU
		{4D52B623-4FC5-4EE3-A1A7-E675CF10FBCA}.Release|Any CPU.Build.0 = Release|Any CPU
		{8A595F30-F1AC-4C0A-A705-326E5B3C8B8E}.Debug|Any CPU.ActiveCfg = Debug|Any CPU
		{8A595F30-F1AC-4C0A-A705-326E5B3C8B8E}.Debug|Any CPU.Build.0 = Debug|Any CPU
		{8A595F30-F1AC-4C0A-A705-326E5B3C8B8E}.Release|Any CPU.ActiveCfg = Release|Any CPU
		{8A595F30-F1AC-4C0A-A705-326E5B3C8B8E}.Release|Any CPU.Build.0 = Release|Any CPU
		{24A90AD7-E394-43FD-B5AD-5C7F40FA4F4A}.Debug|Any CPU.ActiveCfg = Debug|Any CPU
		{24A90AD7-E394-43FD-B5AD-5C7F40FA4F4A}.Debug|Any CPU.Build.0 = Debug|Any CPU
		{24A90AD7-E394-43FD-B5AD-5C7F40FA4F4A}.Release|Any CPU.ActiveCfg = Release|Any CPU
		{24A90AD7-E394-43FD-B5AD-5C7F40FA4F4A}.Release|Any CPU.Build.0 = Release|Any CPU
	EndGlobalSection
	GlobalSection(SolutionProperties) = preSolution
		HideSolutionNode = FALSE
	EndGlobalSection
	GlobalSection(ExtensibilityGlobals) = postSolution
		SolutionGuid = {DF956ADD-281A-4BC7-B849-D0E91321DF90}
	EndGlobalSection
EndGlobal
